
Microsoft Visual Studio Solution File, Format Version 12.00
# Visual Studio Version 16
VisualStudioVersion = 16.0.31025.194
MinimumVisualStudioVersion = 10.0.40219.1
Project("{FAE04EC0-301F-11D3-BF4B-00C04F79EFBC}") = "Mood_Analyser", "Mood_Analyser\Mood_Analyser.csproj", "{B1021A03-231D-4109-A0C5-D22154399230}"
EndProject
Project("{FAE04EC0-301F-11D3-BF4B-00C04F79EFBC}") = "MoodAnalyserTest", "MoodAnalyserTest\MoodAnalyserTest.csproj", "{C9509A06-143D-4F3A-8620-56D8C3FA909F}"
EndProject
Global
	GlobalSection(SolutionConfigurationPlatforms) = preSolution
		Debug|Any CPU = Debug|Any CPU
		Release|Any CPU = Release|Any CPU
	EndGlobalSection
	GlobalSection(ProjectConfigurationPlatforms) = postSolution
		{B1021A03-231D-4109-A0C5-D22154399230}.Debug|Any CPU.ActiveCfg = Debug|Any CPU
		{B1021A03-231D-4109-A0C5-D22154399230}.Debug|Any CPU.Build.0 = Debug|Any CPU
		{B1021A03-231D-4109-A0C5-D22154399230}.Release|Any CPU.ActiveCfg = Release|Any CPU
		{B1021A03-231D-4109-A0C5-D22154399230}.Release|Any CPU.Build.0 = Release|Any CPU
		{C9509A06-143D-4F3A-8620-56D8C3FA909F}.Debug|Any CPU.ActiveCfg = Debug|Any CPU
		{C9509A06-143D-4F3A-8620-56D8C3FA909F}.Debug|Any CPU.Build.0 = Debug|Any CPU
		{C9509A06-143D-4F3A-8620-56D8C3FA909F}.Release|Any CPU.ActiveCfg = Release|Any CPU
		{C9509A06-143D-4F3A-8620-56D8C3FA909F}.Release|Any CPU.Build.0 = Release|Any CPU
	EndGlobalSection
	GlobalSection(SolutionProperties) = preSolution
		HideSolutionNode = FALSE
	EndGlobalSection
	GlobalSection(ExtensibilityGlobals) = postSolution
		SolutionGuid = {8FD6F591-CB5E-430F-81DF-392B6C812672}
	EndGlobalSection
EndGlobal
